
Microsoft Visual Studio Solution File, Format Version 12.00
# Visual Studio Version 16
VisualStudioVersion = 16.0.30907.101
MinimumVisualStudioVersion = 10.0.40219.1
Project("{FAE04EC0-301F-11D3-BF4B-00C04F79EFBC}") = "WebStore", "WebStore\WebStore.csproj", "{260C37F9-4878-4940-8742-E5572AFBEEC9}"
EndProject
Global
	GlobalSection(SolutionConfigurationPlatforms) = preSolution
		Debug|Any CPU = Debug|Any CPU
		Release|Any CPU = Release|Any CPU
	EndGlobalSection
	GlobalSection(ProjectConfigurationPlatforms) = postSolution
		{260C37F9-4878-4940-8742-E5572AFBEEC9}.Debug|Any CPU.ActiveCfg = Debug|Any CPU
		{260C37F9-4878-4940-8742-E5572AFBEEC9}.Debug|Any CPU.Build.0 = Debug|Any CPU
		{260C37F9-4878-4940-8742-E5572AFBEEC9}.Release|Any CPU.ActiveCfg = Release|Any CPU
		{260C37F9-4878-4940-8742-E5572AFBEEC9}.Release|Any CPU.Build.0 = Release|Any CPU
	EndGlobalSection
	GlobalSection(SolutionProperties) = preSolution
		HideSolutionNode = FALSE
	EndGlobalSection
	GlobalSection(ExtensibilityGlobals) = postSolution
		SolutionGuid = {C08B733C-2E81-44F1-BB7A-D6B4FEB16EE8}
	EndGlobalSection
EndGlobal
